
Microsoft Visual Studio Solution File, Format Version 12.00
# Visual Studio Version 16
VisualStudioVersion = 16.0.30225.117
MinimumVisualStudioVersion = 10.0.40219.1
Project("{FAE04EC0-301F-11D3-BF4B-00C04F79EFBC}") = "Balzor.Chart.App.Server", "Balzor.Chart.App\Server\Balzor.Chart.App.Server.csproj", "{C2D36D37-9003-4424-B2E5-4E26A4EA1A60}"
EndProject
Project("{FAE04EC0-301F-11D3-BF4B-00C04F79EFBC}") = "Balzor.Chart.App.Client", "Balzor.Chart.App\Client\Balzor.Chart.App.Client.csproj", "{3A525987-A92E-4083-A335-DD9B63744B86}"
EndProject
Project("{FAE04EC0-301F-11D3-BF4B-00C04F79EFBC}") = "Balzor.Chart.App.Shared", "Balzor.Chart.App\Shared\Balzor.Chart.App.Shared.csproj", "{6B843E76-799D-4A6D-BDF5-B1B77183292B}"
EndProject
Global
	GlobalSection(SolutionConfigurationPlatforms) = preSolution
		Debug|Any CPU = Debug|Any CPU
		Release|Any CPU = Release|Any CPU
	EndGlobalSection
	GlobalSection(ProjectConfigurationPlatforms) = postSolution
		{C2D36D37-9003-4424-B2E5-4E26A4EA1A60}.Debug|Any CPU.ActiveCfg = Debug|Any CPU
		{C2D36D37-9003-4424-B2E5-4E26A4EA1A60}.Debug|Any CPU.Build.0 = Debug|Any CPU
		{C2D36D37-9003-4424-B2E5-4E26A4EA1A60}.Release|Any CPU.ActiveCfg = Release|Any CPU
		{C2D36D37-9003-4424-B2E5-4E26A4EA1A60}.Release|Any CPU.Build.0 = Release|Any CPU
		{3A525987-A92E-4083-A335-DD9B63744B86}.Debug|Any CPU.ActiveCfg = Debug|Any CPU
		{3A525987-A92E-4083-A335-DD9B63744B86}.Debug|Any CPU.Build.0 = Debug|Any CPU
		{3A525987-A92E-4083-A335-DD9B63744B86}.Release|Any CPU.ActiveCfg = Release|Any CPU
		{3A525987-A92E-4083-A335-DD9B63744B86}.Release|Any CPU.Build.0 = Release|Any CPU
		{6B843E76-799D-4A6D-BDF5-B1B77183292B}.Debug|Any CPU.ActiveCfg = Debug|Any CPU
		{6B843E76-799D-4A6D-BDF5-B1B77183292B}.Debug|Any CPU.Build.0 = Debug|Any CPU
		{6B843E76-799D-4A6D-BDF5-B1B77183292B}.Release|Any CPU.ActiveCfg = Release|Any CPU
		{6B843E76-799D-4A6D-BDF5-B1B77183292B}.Release|Any CPU.Build.0 = Release|Any CPU
	EndGlobalSection
	GlobalSection(SolutionProperties) = preSolution
		HideSolutionNode = FALSE
	EndGlobalSection
	GlobalSection(ExtensibilityGlobals) = postSolution
		SolutionGuid = {4831B2C4-E17E-4C39-B845-5717D0825530}
	EndGlobalSection
EndGlobal
